# THIS IS AN AUTOGENERATED FILE. DO NOT EDIT THIS FILE DIRECTLY.
# yarn lockfile v1


eslint-plugin-react-refresh@^0.4.22:
  version "0.4.22"
  resolved "https://registry.yarnpkg.com/eslint-plugin-react-refresh/-/eslint-plugin-react-refresh-0.4.22.tgz#bc6c7e769d8a8fcfbaa2fd8af3ac63c8af0eae5e"
  integrity sha512-atkAG6QaJMGoTLc4MDAP+rqZcfwQuTIh2IqHWFLy2TEjxr0MOK+5BSG4RzL2564AAPpZkDRsZXAUz68kjnU6Ug==
