# This file is generated by running "yarn install" inside your project.
# Manual changes might be lost - proceed with caution!

__metadata:
  version: 8
  cacheKey: 10c0

"eslint-plugin-react-refresh@npm:^0.4.22":
  version: 0.4.24
  resolution: "eslint-plugin-react-refresh@npm:0.4.24"
  peerDependencies:
    eslint: ">=8.40"
  checksum: 10c0/7471a25663cdec2886b5aec53cff6319475a6704616f96db4eef7ada3cba1236abeb71b4c2db6396e48a3a8a3a416a0266b2eac06bb6ef77d8b5674604ece7fb
  languageName: node
  linkType: hard

"root-workspace-0b6124@workspace:.":
  version: 0.0.0-use.local
  resolution: "root-workspace-0b6124@workspace:."
  dependencies:
    eslint-plugin-react-refresh: "npm:^0.4.22"
  languageName: unknown
  linkType: soft
